Microsoft Visual Studio Solution File, Format Version 12.00
# Visual Studio 14
VisualStudioVersion = 14.0.25420.1
MinimumVisualStudioVersion = 10.0.40219.1
Project("{FAE04EC0-301F-11D3-BF4B-00C04F79EFBC}") = "FormPackage6.Core", "FormPackage6.Core\FormPackage6.Core.csproj", "{85D77CA6-536E-4CBE-B753-176A920C555F}"
EndProject
Project("{FAE04EC0-301F-11D3-BF4B-00C04F79EFBC}") = "FormPackage6.Application", "FormPackage6.Application\FormPackage6.Application.csproj", "{8F55B385-C3A6-4F71-B98C-2533E2DFF266}"
EndProject
Project("{FAE04EC0-301F-11D3-BF4B-00C04F79EFBC}") = "FormPackage6.Dispatcher", "FormPackage6.Dispatcher\FormPackage6.Dispatcher.csproj", "{C0125CD3-BC25-490A-8E3B-89E0CE8DDAF8}"
EndProject
Project("{FAE04EC0-301F-11D3-BF4B-00C04F79EFBC}") = "FormPackage6.Infrastructure", "FormPackage6.Infrastructure\FormPackage6.Infrastructure.csproj", "{726B0D86-8CC5-49ED-9DBE-6CF4BC1A5D36}"
EndProject
Project("{FAE04EC0-301F-11D3-BF4B-00C04F79EFBC}") = "FormPackage6.Test", "FormPackage6.Test\FormPackage6.Test.csproj", "{BC569C68-7E61-4FC0-AED2-A7CA4088A6E7}"
EndProject
Project("{FAE04EC0-301F-11D3-BF4B-00C04F79EFBC}") = "Form.Web", "Form.Web\Form.Web.csproj", "{2819C6C4-93EB-42AB-B918-1CCE3C16127F}"
EndProject
Global
	GlobalSection(SolutionConfigurationPlatforms) = preSolution
		Debug|Any CPU = Debug|Any CPU
		Release|Any CPU = Release|Any CPU
	EndGlobalSection
	GlobalSection(ProjectConfigurationPlatforms) = postSolution
		{85D77CA6-536E-4CBE-B753-176A920C555F}.Debug|Any CPU.ActiveCfg = Debug|Any CPU
		{85D77CA6-536E-4CBE-B753-176A920C555F}.Debug|Any CPU.Build.0 = Debug|Any CPU
		{85D77CA6-536E-4CBE-B753-176A920C555F}.Release|Any CPU.ActiveCfg = Release|Any CPU
		{85D77CA6-536E-4CBE-B753-176A920C555F}.Release|Any CPU.Build.0 = Release|Any CPU
		{8F55B385-C3A6-4F71-B98C-2533E2DFF266}.Debug|Any CPU.ActiveCfg = Debug|Any CPU
		{8F55B385-C3A6-4F71-B98C-2533E2DFF266}.Debug|Any CPU.Build.0 = Debug|Any CPU
		{8F55B385-C3A6-4F71-B98C-2533E2DFF266}.Release|Any CPU.ActiveCfg = Release|Any CPU
		{8F55B385-C3A6-4F71-B98C-2533E2DFF266}.Release|Any CPU.Build.0 = Release|Any CPU
		{C0125CD3-BC25-490A-8E3B-89E0CE8DDAF8}.Debug|Any CPU.ActiveCfg = Debug|Any CPU
		{C0125CD3-BC25-490A-8E3B-89E0CE8DDAF8}.Debug|Any CPU.Build.0 = Debug|Any CPU
		{C0125CD3-BC25-490A-8E3B-89E0CE8DDAF8}.Release|Any CPU.ActiveCfg = Release|Any CPU
		{C0125CD3-BC25-490A-8E3B-89E0CE8DDAF8}.Release|Any CPU.Build.0 = Release|Any CPU
		{726B0D86-8CC5-49ED-9DBE-6CF4BC1A5D36}.Debug|Any CPU.ActiveCfg = Debug|Any CPU
		{726B0D86-8CC5-49ED-9DBE-6CF4BC1A5D36}.Debug|Any CPU.Build.0 = Debug|Any CPU
		{726B0D86-8CC5-49ED-9DBE-6CF4BC1A5D36}.Release|Any CPU.ActiveCfg = Release|Any CPU
		{726B0D86-8CC5-49ED-9DBE-6CF4BC1A5D36}.Release|Any CPU.Build.0 = Release|Any CPU
		{BC569C68-7E61-4FC0-AED2-A7CA4088A6E7}.Debug|Any CPU.ActiveCfg = Debug|Any CPU
		{BC569C68-7E61-4FC0-AED2-A7CA4088A6E7}.Debug|Any CPU.Build.0 = Debug|Any CPU
		{BC569C68-7E61-4FC0-AED2-A7CA4088A6E7}.Release|Any CPU.ActiveCfg = Release|Any CPU
		{BC569C68-7E61-4FC0-AED2-A7CA4088A6E7}.Release|Any CPU.Build.0 = Release|Any CPU
		{2819C6C4-93EB-42AB-B918-1CCE3C16127F}.Debug|Any CPU.ActiveCfg = Debug|Any CPU
		{2819C6C4-93EB-42AB-B918-1CCE3C16127F}.Debug|Any CPU.Build.0 = Debug|Any CPU
		{2819C6C4-93EB-42AB-B918-1CCE3C16127F}.Release|Any CPU.ActiveCfg = Release|Any CPU
		{2819C6C4-93EB-42AB-B918-1CCE3C16127F}.Release|Any CPU.Build.0 = Release|Any CPU
	EndGlobalSection
	GlobalSection(SolutionProperties) = preSolution
		HideSolutionNode = FALSE
	EndGlobalSection
EndGlobal
